// !$*UTF8*$!
{
	archiveVersion = 1;
	classes = {
	};
	objectVersion = 46;
	objects = {

/* Begin PBXBuildFile section */
		0493B6071D2A51A900BB41C6 /* libWeiboSDK.a in Frameworks */ = {isa = PBXBuildFile; fileRef = 0493B5F11D2A51A900BB41C6 /* libWeiboSDK.a */; };
		0493B6081D2A51A900BB41C6 /* WeiboSDK.bundle in Resources */ = {isa = PBXBuildFile; fileRef = 0493B5FB1D2A51A900BB41C6 /* WeiboSDK.bundle */; };
		0493B6091D2A51A900BB41C6 /* TencentOpenAPI.framework in Frameworks */ = {isa = PBXBuildFile; fileRef = 0493B5FF1D2A51A900BB41C6 /* TencentOpenAPI.framework */; };
		0493B60A1D2A51A900BB41C6 /* TencentOpenApi_IOS_Bundle.bundle in Resources */ = {isa = PBXBuildFile; fileRef = 0493B6001D2A51A900BB41C6 /* TencentOpenApi_IOS_Bundle.bundle */; };
		0493B60B1D2A51A900BB41C6 /* libWeChatSDK.a in Frameworks */ = {isa = PBXBuildFile; fileRef = 0493B6021D2A51A900BB41C6 /* libWeChatSDK.a */; };
		0493B60C1D2A51A900BB41C6 /* README.txt in Resources */ = {isa = PBXBuildFile; fileRef = 0493B6031D2A51A900BB41C6 /* README.txt */; };
		0493B6161D2A52BA00BB41C6 /* BDJLoginRegisterController.m in Sources */ = {isa = PBXBuildFile; fileRef = 0493B60E1D2A52BA00BB41C6 /* BDJLoginRegisterController.m */; };
		0493B6171D2A52BA00BB41C6 /* BDJLoginRegisterController.xib in Resources */ = {isa = PBXBuildFile; fileRef = 0493B60F1D2A52BA00BB41C6 /* BDJLoginRegisterController.xib */; };
		0493B6181D2A52BA00BB41C6 /* BDJVerticalButton.m in Sources */ = {isa = PBXBuildFile; fileRef = 0493B6111D2A52BA00BB41C6 /* BDJVerticalButton.m */; };
		0493B6191D2A52BA00BB41C6 /* UIView+BDJExtension.m in Sources */ = {isa = PBXBuildFile; fileRef = 0493B6131D2A52BA00BB41C6 /* UIView+BDJExtension.m */; };
		0493B61A1D2A52BA00BB41C6 /* WTThirdPartyLoginManager.m in Sources */ = {isa = PBXBuildFile; fileRef = 0493B6151D2A52BA00BB41C6 /* WTThirdPartyLoginManager.m */; };
		0493B61D1D2A534E00BB41C6 /* Security.framework in Frameworks */ = {isa = PBXBuildFile; fileRef = 0493B61C1D2A534E00BB41C6 /* Security.framework */; };
		0493B61F1D2A536D00BB41C6 /* libiconv.tbd in Frameworks */ = {isa = PBXBuildFile; fileRef = 0493B61E1D2A536D00BB41C6 /* libiconv.tbd */; };
		0493B6211D2A537C00BB41C6 /* SystemConfiguration.framework in Frameworks */ = {isa = PBXBuildFile; fileRef = 0493B6201D2A537C00BB41C6 /* SystemConfiguration.framework */; };
		0493B6231D2A538700BB41C6 /* CoreGraphics.framework in Frameworks */ = {isa = PBXBuildFile; fileRef = 0493B6221D2A538700BB41C6 /* CoreGraphics.framework */; };
		0493B6251D2A539500BB41C6 /* libsqlite3.tbd in Frameworks */ = {isa = PBXBuildFile; fileRef = 0493B6241D2A539500BB41C6 /* libsqlite3.tbd */; };
		0493B6271D2A53A200BB41C6 /* CoreTelephony.framework in Frameworks */ = {isa = PBXBuildFile; fileRef = 0493B6261D2A53A200BB41C6 /* CoreTelephony.framework */; };
		0493B6291D2A53B000BB41C6 /* libstdc++.tbd in Frameworks */ = {isa = PBXBuildFile; fileRef = 0493B6281D2A53B000BB41C6 /* libstdc++.tbd */; };
		0493B62B1D2A53BF00BB41C6 /* libz.tbd in Frameworks */ = {isa = PBXBuildFile; fileRef = 0493B62A1D2A53BF00BB41C6 /* libz.tbd */; };
		0493B62D1D2A53CC00BB41C6 /* libc++.tbd in Frameworks */ = {isa = PBXBuildFile; fileRef = 0493B62C1D2A53CC00BB41C6 /* libc++.tbd */; };
		0493B62F1D2A53D800BB41C6 /* QuartzCore.framework in Frameworks */ = {isa = PBXBuildFile; fileRef = 0493B62E1D2A53D800BB41C6 /* QuartzCore.framework */; };
		0493B6311D2A53E600BB41C6 /* ImageIO.framework in Frameworks */ = {isa = PBXBuildFile; fileRef = 0493B6301D2A53E600BB41C6 /* ImageIO.framework */; };
		0493B6331D2A53F300BB41C6 /* CoreText.framework in Frameworks */ = {isa = PBXBuildFile; fileRef = 0493B6321D2A53F300BB41C6 /* CoreText.framework */; };
		04B1320F1D27F848009C1685 /* main.m in Sources */ = {isa = PBXBuildFile; fileRef = 04B1320E1D27F848009C1685 /* main.m */; };
		04B132121D27F848009C1685 /* AppDelegate.m in Sources */ = {isa = PBXBuildFile; fileRef = 04B132111D27F848009C1685 /* AppDelegate.m */; };
		04B132151D27F848009C1685 /* ViewController.m in Sources */ = {isa = PBXBuildFile; fileRef = 04B132141D27F848009C1685 /* ViewController.m */; };
		04B132181D27F849009C1685 /* Main.storyboard in Resources */ = {isa = PBXBuildFile; fileRef = 04B132161D27F849009C1685 /* Main.storyboard */; };
		04B1321A1D27F849009C1685 /* Assets.xcassets in Resources */ = {isa = PBXBuildFile; fileRef = 04B132191D27F849009C1685 /* Assets.xcassets */; };
		04B1321D1D27F849009C1685 /* LaunchScreen.storyboard in Resources */ = {isa = PBXBuildFile; fileRef = 04B1321B1D27F849009C1685 /* LaunchScreen.storyboard */; };
		04B132281D27F849009C1685 /* WTThird_Party_LoginTests.m in Sources */ = {isa = PBXBuildFile; fileRef = 04B132271D27F849009C1685 /* WTThird_Party_LoginTests.m */; };
		04B132331D27F849009C1685 /* WTThird_Party_LoginUITests.m in Sources */ = {isa = PBXBuildFile; fileRef = 04B132321D27F849009C1685 /* WTThird_Party_LoginUITests.m */; };
/* End PBXBuildFile section */

/* Begin PBXContainerItemProxy section */
		04B132241D27F849009C1685 /* PBXContainerItemProxy */ = {
			isa = PBXContainerItemProxy;
			containerPortal = 04B132021D27F848009C1685 /* Project object */;
			proxyType = 1;
			remoteGlobalIDString = 04B132091D27F848009C1685;
			remoteInfo = WTThird_Party_Login;
		};
		04B1322F1D27F849009C1685 /* PBXContainerItemProxy */ = {
			isa = PBXContainerItemProxy;
			containerPortal = 04B132021D27F848009C1685 /* Project object */;
			proxyType = 1;
			remoteGlobalIDString = 04B132091D27F848009C1685;
			remoteInfo = WTThird_Party_Login;
		};
/* End PBXContainerItemProxy section */

/* Begin PBXFileReference section */
		0493B5F11D2A51A900BB41C6 /* libWeiboSDK.a */ = {isa = PBXFileReference; lastKnownFileType = archive.ar; path = libWeiboSDK.a; sourceTree = "<group>"; };
		0493B5F21D2A51A900BB41C6 /* WBHttpRequest+WeiboGame.h */ = {isa = PBXFileReference; fileEncoding = 4; lastKnownFileType = sourcecode.c.h; path = "WBHttpRequest+WeiboGame.h"; sourceTree = "<group>"; };
		0493B5F31D2A51A900BB41C6 /* WBHttpRequest+WeiboShare.h */ = {isa = PBXFileReference; fileEncoding = 4; lastKnownFileType = sourcecode.c.h; path = "WBHttpRequest+WeiboShare.h"; sourceTree = "<group>"; };
		0493B5F41D2A51A900BB41C6 /* WBHttpRequest+WeiboToken.h */ = {isa = PBXFileReference; fileEncoding = 4; lastKnownFileType = sourcecode.c.h; path = "WBHttpRequest+WeiboToken.h"; sourceTree = "<group>"; };
		0493B5F51D2A51A900BB41C6 /* WBHttpRequest+WeiboUser.h */ = {isa = PBXFileReference; fileEncoding = 4; lastKnownFileType = sourcecode.c.h; path = "WBHttpRequest+WeiboUser.h"; sourceTree = "<group>"; };
		0493B5F61D2A51A900BB41C6 /* WBHttpRequest.h */ = {isa = PBXFileReference; fileEncoding = 4; lastKnownFileType = sourcecode.c.h; path = WBHttpRequest.h; sourceTree = "<group>"; };
		0493B5F71D2A51A900BB41C6 /* WBSDKBasicButton.h */ = {isa = PBXFileReference; fileEncoding = 4; lastKnownFileType = sourcecode.c.h; path = WBSDKBasicButton.h; sourceTree = "<group>"; };
		0493B5F81D2A51A900BB41C6 /* WBSDKCommentButton.h */ = {isa = PBXFileReference; fileEncoding = 4; lastKnownFileType = sourcecode.c.h; path = WBSDKCommentButton.h; sourceTree = "<group>"; };
		0493B5F91D2A51A900BB41C6 /* WBSDKRelationshipButton.h */ = {isa = PBXFileReference; fileEncoding = 4; lastKnownFileType = sourcecode.c.h; path = WBSDKRelationshipButton.h; sourceTree = "<group>"; };
		0493B5FA1D2A51A900BB41C6 /* WeiboSDK+Statistics.h */ = {isa = PBXFileReference; fileEncoding = 4; lastKnownFileType = sourcecode.c.h; path = "WeiboSDK+Statistics.h"; sourceTree = "<group>"; };
		0493B5FB1D2A51A900BB41C6 /* WeiboSDK.bundle */ = {isa = PBXFileReference; lastKnownFileType = "wrapper.plug-in"; path = WeiboSDK.bundle; sourceTree = "<group>"; };
		0493B5FC1D2A51A900BB41C6 /* WeiboSDK.h */ = {isa = PBXFileReference; fileEncoding = 4; lastKnownFileType = sourcecode.c.h; path = WeiboSDK.h; sourceTree = "<group>"; };
		0493B5FD1D2A51A900BB41C6 /* WeiboUser.h */ = {isa = PBXFileReference; fileEncoding = 4; lastKnownFileType = sourcecode.c.h; path = WeiboUser.h; sourceTree = "<group>"; };
		0493B5FF1D2A51A900BB41C6 /* TencentOpenAPI.framework */ = {isa = PBXFileReference; lastKnownFileType = wrapper.framework; path = TencentOpenAPI.framework; sourceTree = "<group>"; };
		0493B6001D2A51A900BB41C6 /* TencentOpenApi_IOS_Bundle.bundle */ = {isa = PBXFileReference; lastKnownFileType = "wrapper.plug-in"; path = TencentOpenApi_IOS_Bundle.bundle; sourceTree = "<group>"; };
		0493B6021D2A51A900BB41C6 /* libWeChatSDK.a */ = {isa = PBXFileReference; lastKnownFileType = archive.ar; path = libWeChatSDK.a; sourceTree = "<group>"; };
		0493B6031D2A51A900BB41C6 /* README.txt */ = {isa = PBXFileReference; fileEncoding = 4; lastKnownFileType = text; path = README.txt; sourceTree = "<group>"; };
		0493B6041D2A51A900BB41C6 /* WechatAuthSDK.h */ = {isa = PBXFileReference; fileEncoding = 4; lastKnownFileType = sourcecode.c.h; path = WechatAuthSDK.h; sourceTree = "<group>"; };
		0493B6051D2A51A900BB41C6 /* WXApi.h */ = {isa = PBXFileReference; fileEncoding = 4; lastKnownFileType = sourcecode.c.h; path = WXApi.h; sourceTree = "<group>"; };
		0493B6061D2A51A900BB41C6 /* WXApiObject.h */ = {isa = PBXFileReference; fileEncoding = 4; lastKnownFileType = sourcecode.c.h; path = WXApiObject.h; sourceTree = "<group>"; };
		0493B60D1D2A52BA00BB41C6 /* BDJLoginRegisterController.h */ = {isa = PBXFileReference; fileEncoding = 4; lastKnownFileType = sourcecode.c.h; path = BDJLoginRegisterController.h; sourceTree = "<group>"; };
		0493B60E1D2A52BA00BB41C6 /* BDJLoginRegisterController.m */ = {isa = PBXFileReference; fileEncoding = 4; lastKnownFileType = sourcecode.c.objc; path = BDJLoginRegisterController.m; sourceTree = "<group>"; };
		0493B60F1D2A52BA00BB41C6 /* BDJLoginRegisterController.xib */ = {isa = PBXFileReference; fileEncoding = 4; lastKnownFileType = file.xib; path = BDJLoginRegisterController.xib; sourceTree = "<group>"; };
		0493B6101D2A52BA00BB41C6 /* BDJVerticalButton.h */ = {isa = PBXFileReference; fileEncoding = 4; lastKnownFileType = sourcecode.c.h; path = BDJVerticalButton.h; sourceTree = "<group>"; };
		0493B6111D2A52BA00BB41C6 /* BDJVerticalButton.m */ = {isa = PBXFileReference; fileEncoding = 4; lastKnownFileType = sourcecode.c.objc; path = BDJVerticalButton.m; sourceTree = "<group>"; };
		0493B6121D2A52BA00BB41C6 /* UIView+BDJExtension.h */ = {isa = PBXFileReference; fileEncoding = 4; lastKnownFileType = sourcecode.c.h; path = "UIView+BDJExtension.h"; sourceTree = "<group>"; };
		0493B6131D2A52BA00BB41C6 /* UIView+BDJExtension.m */ = {isa = PBXFileReference; fileEncoding = 4; lastKnownFileType = sourcecode.c.objc; path = "UIView+BDJExtension.m"; sourceTree = "<group>"; };
		0493B6141D2A52BA00BB41C6 /* WTThirdPartyLoginManager.h */ = {isa = PBXFileReference; fileEncoding = 4; lastKnownFileType = sourcecode.c.h; path = WTThirdPartyLoginManager.h; sourceTree = "<group>"; };
		0493B6151D2A52BA00BB41C6 /* WTThirdPartyLoginManager.m */ = {isa = PBXFileReference; fileEncoding = 4; lastKnownFileType = sourcecode.c.objc; path = WTThirdPartyLoginManager.m; sourceTree = "<group>"; };
		0493B61C1D2A534E00BB41C6 /* Security.framework */ = {isa = PBXFileReference; lastKnownFileType = wrapper.framework; name = Security.framework; path = System/Library/Frameworks/Security.framework; sourceTree = SDKROOT; };
		0493B61E1D2A536D00BB41C6 /* libiconv.tbd */ = {isa = PBXFileReference; lastKnownFileType = "sourcecode.text-based-dylib-definition"; name = libiconv.tbd; path = usr/lib/libiconv.tbd; sourceTree = SDKROOT; };
		0493B6201D2A537C00BB41C6 /* SystemConfiguration.framework */ = {isa = PBXFileReference; lastKnownFileType = wrapper.framework; name = SystemConfiguration.framework; path = System/Library/Frameworks/SystemConfiguration.framework; sourceTree = SDKROOT; };
		0493B6221D2A538700BB41C6 /* CoreGraphics.framework */ = {isa = PBXFileReference; lastKnownFileType = wrapper.framework; name = CoreGraphics.framework; path = System/Library/Frameworks/CoreGraphics.framework; sourceTree = SDKROOT; };
		0493B6241D2A539500BB41C6 /* libsqlite3.tbd */ = {isa = PBXFileReference; lastKnownFileType = "sourcecode.text-based-dylib-definition"; name = libsqlite3.tbd; path = usr/lib/libsqlite3.tbd; sourceTree = SDKROOT; };
		0493B6261D2A53A200BB41C6 /* CoreTelephony.framework */ = {isa = PBXFileReference; lastKnownFileType = wrapper.framework; name = CoreTelephony.framework; path = System/Library/Frameworks/CoreTelephony.framework; sourceTree = SDKROOT; };
		0493B6281D2A53B000BB41C6 /* libstdc++.tbd */ = {isa = PBXFileReference; lastKnownFileType = "sourcecode.text-based-dylib-definition"; name = "libstdc++.tbd"; path = "usr/lib/libstdc++.tbd"; sourceTree = SDKROOT; };
		0493B62A1D2A53BF00BB41C6 /* libz.tbd */ = {isa = PBXFileReference; lastKnownFileType = "sourcecode.text-based-dylib-definition"; name = libz.tbd; path = usr/lib/libz.tbd; sourceTree = SDKROOT; };
		0493B62C1D2A53CC00BB41C6 /* libc++.tbd */ = {isa = PBXFileReference; lastKnownFileType = "sourcecode.text-based-dylib-definition"; name = "libc++.tbd"; path = "usr/lib/libc++.tbd"; sourceTree = SDKROOT; };
		0493B62E1D2A53D800BB41C6 /* QuartzCore.framework */ = {isa = PBXFileReference; lastKnownFileType = wrapper.framework; name = QuartzCore.framework; path = System/Library/Frameworks/QuartzCore.framework; sourceTree = SDKROOT; };
		0493B6301D2A53E600BB41C6 /* ImageIO.framework */ = {isa = PBXFileReference; lastKnownFileType = wrapper.framework; name = ImageIO.framework; path = System/Library/Frameworks/ImageIO.framework; sourceTree = SDKROOT; };
		0493B6321D2A53F300BB41C6 /* CoreText.framework */ = {isa = PBXFileReference; lastKnownFileType = wrapper.framework; name = CoreText.framework; path = System/Library/Frameworks/CoreText.framework; sourceTree = SDKROOT; };
		0493B6341D2A547D00BB41C6 /* LoginPrefixHeader.pch */ = {isa = PBXFileReference; fileEncoding = 4; lastKnownFileType = sourcecode.c.h; path = LoginPrefixHeader.pch; sourceTree = "<group>"; };
		04B1320A1D27F848009C1685 /* WTThird_Party_Login.app */ = {isa = PBXFileReference; explicitFileType = wrapper.application; includeInIndex = 0; path = WTThird_Party_Login.app; sourceTree = BUILT_PRODUCTS_DIR; };
		04B1320E1D27F848009C1685 /* main.m */ = {isa = PBXFileReference; lastKnownFileType = sourcecode.c.objc; path = main.m; sourceTree = "<group>"; };
		04B132101D27F848009C1685 /* AppDelegate.h */ = {isa = PBXFileReference; lastKnownFileType = sourcecode.c.h; path = AppDelegate.h; sourceTree = "<group>"; };
		04B132111D27F848009C1685 /* AppDelegate.m */ = {isa = PBXFileReference; lastKnownFileType = sourcecode.c.objc; path = AppDelegate.m; sourceTree = "<group>"; };
		04B132131D27F848009C1685 /* ViewController.h */ = {isa = PBXFileReference; lastKnownFileType = sourcecode.c.h; path = ViewController.h; sourceTree = "<group>"; };
		04B132141D27F848009C1685 /* ViewController.m */ = {isa = PBXFileReference; lastKnownFileType = sourcecode.c.objc; path = ViewController.m; sourceTree = "<group>"; };
		04B132171D27F849009C1685 /* Base */ = {isa = PBXFileReference; lastKnownFileType = file.storyboard; name = Base; path = Base.lproj/Main.storyboard; sourceTree = "<group>"; };
		04B132191D27F849009C1685 /* Assets.xcassets */ = {isa = PBXFileReference; lastKnownFileType = folder.assetcatalog; path = Assets.xcassets; sourceTree = "<group>"; };
		04B1321C1D27F849009C1685 /* Base */ = {isa = PBXFileReference; lastKnownFileType = file.storyboard; name = Base; path = Base.lproj/LaunchScreen.storyboard; sourceTree = "<group>"; };
		04B1321E1D27F849009C1685 /* Info.plist */ = {isa = PBXFileReference; lastKnownFileType = text.plist.xml; path = Info.plist; sourceTree = "<group>"; };
		04B132231D27F849009C1685 /* WTThird_Party_LoginTests.xctest */ = {isa = PBXFileReference; explicitFileType = wrapper.cfbundle; includeInIndex = 0; path = WTThird_Party_LoginTests.xctest; sourceTree = BUILT_PRODUCTS_DIR; };
		04B132271D27F849009C1685 /* WTThird_Party_LoginTests.m */ = {isa = PBXFileReference; lastKnownFileType = sourcecode.c.objc; path = WTThird_Party_LoginTests.m; sourceTree = "<group>"; };
		04B132291D27F849009C1685 /* Info.plist */ = {isa = PBXFileReference; lastKnownFileType = text.plist.xml; path = Info.plist; sourceTree = "<group>"; };
		04B1322E1D27F849009C1685 /* WTThird_Party_LoginUITests.xctest */ = {isa = PBXFileReference; explicitFileType = wrapper.cfbundle; includeInIndex = 0; path = WTThird_Party_LoginUITests.xctest; sourceTree = BUILT_PRODUCTS_DIR; };
		04B132321D27F849009C1685 /* WTThird_Party_LoginUITests.m */ = {isa = PBXFileReference; lastKnownFileType = sourcecode.c.objc; path = WTThird_Party_LoginUITests.m; sourceTree = "<group>"; };
		04B132341D27F849009C1685 /* Info.plist */ = {isa = PBXFileReference; lastKnownFileType = text.plist.xml; path = Info.plist; sourceTree = "<group>"; };
/* End PBXFileReference section */

/* Begin PBXFrameworksBuildPhase section */
		04B132071D27F848009C1685 /* Frameworks */ = {
			isa = PBXFrameworksBuildPhase;
			buildActionMask = 2147483647;
			files = (
				0493B6331D2A53F300BB41C6 /* CoreText.framework in Frameworks */,
				0493B6311D2A53E600BB41C6 /* ImageIO.framework in Frameworks */,
				0493B62F1D2A53D800BB41C6 /* QuartzCore.framework in Frameworks */,
				0493B62D1D2A53CC00BB41C6 /* libc++.tbd in Frameworks */,
				0493B62B1D2A53BF00BB41C6 /* libz.tbd in Frameworks */,
				0493B6291D2A53B000BB41C6 /* libstdc++.tbd in Frameworks */,
				0493B6271D2A53A200BB41C6 /* CoreTelephony.framework in Frameworks */,
				0493B6251D2A539500BB41C6 /* libsqlite3.tbd in Frameworks */,
				0493B6231D2A538700BB41C6 /* CoreGraphics.framework in Frameworks */,
				0493B6211D2A537C00BB41C6 /* SystemConfiguration.framework in Frameworks */,
				0493B61F1D2A536D00BB41C6 /* libiconv.tbd in Frameworks */,
				0493B61D1D2A534E00BB41C6 /* Security.framework in Frameworks */,
				0493B6071D2A51A900BB41C6 /* libWeiboSDK.a in Frameworks */,
				0493B6091D2A51A900BB41C6 /* TencentOpenAPI.framework in Frameworks */,
				0493B60B1D2A51A900BB41C6 /* libWeChatSDK.a in Frameworks */,
			);
			runOnlyForDeploymentPostprocessing = 0;
		};
		04B132201D27F849009C1685 /* Frameworks */ = {
			isa = PBXFrameworksBuildPhase;
			buildActionMask = 2147483647;
			files = (
			);
			runOnlyForDeploymentPostprocessing = 0;
		};
		04B1322B1D27F849009C1685 /* Frameworks */ = {
			isa = PBXFrameworksBuildPhase;
			buildActionMask = 2147483647;
			files = (
			);
			runOnlyForDeploymentPostprocessing = 0;
		};
/* End PBXFrameworksBuildPhase section */

/* Begin PBXGroup section */
		0493B5EF1D2A51A900BB41C6 /* Lib */ = {
			isa = PBXGroup;
			children = (
				0493B5F01D2A51A900BB41C6 /* libWeiboSDK */,
				0493B5FE1D2A51A900BB41C6 /* Tencent3.1.0 */,
				0493B6011D2A51A900BB41C6 /* WeChatSDK_1.7.1 */,
			);
			path = Lib;
			sourceTree = "<group>";
		};
		0493B5F01D2A51A900BB41C6 /* libWeiboSDK */ = {
			isa = PBXGroup;
			children = (
				0493B5F11D2A51A900BB41C6 /* libWeiboSDK.a */,
				0493B5F21D2A51A900BB41C6 /* WBHttpRequest+WeiboGame.h */,
				0493B5F31D2A51A900BB41C6 /* WBHttpRequest+WeiboShare.h */,
				0493B5F41D2A51A900BB41C6 /* WBHttpRequest+WeiboToken.h */,
				0493B5F51D2A51A900BB41C6 /* WBHttpRequest+WeiboUser.h */,
				0493B5F61D2A51A900BB41C6 /* WBHttpRequest.h */,
				0493B5F71D2A51A900BB41C6 /* WBSDKBasicButton.h */,
				0493B5F81D2A51A900BB41C6 /* WBSDKCommentButton.h */,
				0493B5F91D2A51A900BB41C6 /* WBSDKRelationshipButton.h */,
				0493B5FA1D2A51A900BB41C6 /* WeiboSDK+Statistics.h */,
				0493B5FB1D2A51A900BB41C6 /* WeiboSDK.bundle */,
				0493B5FC1D2A51A900BB41C6 /* WeiboSDK.h */,
				0493B5FD1D2A51A900BB41C6 /* WeiboUser.h */,
			);
			path = libWeiboSDK;
			sourceTree = "<group>";
		};
		0493B5FE1D2A51A900BB41C6 /* Tencent3.1.0 */ = {
			isa = PBXGroup;
			children = (
				0493B5FF1D2A51A900BB41C6 /* TencentOpenAPI.framework */,
				0493B6001D2A51A900BB41C6 /* TencentOpenApi_IOS_Bundle.bundle */,
			);
			path = Tencent3.1.0;
			sourceTree = "<group>";
		};
		0493B6011D2A51A900BB41C6 /* WeChatSDK_1.7.1 */ = {
			isa = PBXGroup;
			children = (
				0493B6021D2A51A900BB41C6 /* libWeChatSDK.a */,
				0493B6031D2A51A900BB41C6 /* README.txt */,
				0493B6041D2A51A900BB41C6 /* WechatAuthSDK.h */,
				0493B6051D2A51A900BB41C6 /* WXApi.h */,
				0493B6061D2A51A900BB41C6 /* WXApiObject.h */,
			);
			path = WeChatSDK_1.7.1;
			sourceTree = "<group>";
		};
		0493B61B1D2A531300BB41C6 /* framework */ = {
			isa = PBXGroup;
			children = (
				0493B6321D2A53F300BB41C6 /* CoreText.framework */,
				0493B6301D2A53E600BB41C6 /* ImageIO.framework */,
				0493B62E1D2A53D800BB41C6 /* QuartzCore.framework */,
				0493B62C1D2A53CC00BB41C6 /* libc++.tbd */,
				0493B62A1D2A53BF00BB41C6 /* libz.tbd */,
				0493B6281D2A53B000BB41C6 /* libstdc++.tbd */,
				0493B6261D2A53A200BB41C6 /* CoreTelephony.framework */,
				0493B6241D2A539500BB41C6 /* libsqlite3.tbd */,
				0493B6221D2A538700BB41C6 /* CoreGraphics.framework */,
				0493B6201D2A537C00BB41C6 /* SystemConfiguration.framework */,
				0493B61E1D2A536D00BB41C6 /* libiconv.tbd */,
				0493B61C1D2A534E00BB41C6 /* Security.framework */,
			);
			name = framework;
			sourceTree = "<group>";
		};
		04B132011D27F848009C1685 = {
			isa = PBXGroup;
			children = (
				04B1320C1D27F848009C1685 /* WTThird_Party_Login */,
				04B132261D27F849009C1685 /* WTThird_Party_LoginTests */,
				04B132311D27F849009C1685 /* WTThird_Party_LoginUITests */,
				04B1320B1D27F848009C1685 /* Products */,
			);
			sourceTree = "<group>";
		};
		04B1320B1D27F848009C1685 /* Products */ = {
			isa = PBXGroup;
			children = (
				04B1320A1D27F848009C1685 /* WTThird_Party_Login.app */,
				04B132231D27F849009C1685 /* WTThird_Party_LoginTests.xctest */,
				04B1322E1D27F849009C1685 /* WTThird_Party_LoginUITests.xctest */,
			);
			name = Products;
			sourceTree = "<group>";
		};
		04B1320C1D27F848009C1685 /* WTThird_Party_Login */ = {
			isa = PBXGroup;
			children = (
				04B132101D27F848009C1685 /* AppDelegate.h */,
				04B132111D27F848009C1685 /* AppDelegate.m */,
				04B132131D27F848009C1685 /* ViewController.h */,
				04B132141D27F848009C1685 /* ViewController.m */,
				04B132161D27F849009C1685 /* Main.storyboard */,
				0493B60D1D2A52BA00BB41C6 /* BDJLoginRegisterController.h */,
				0493B60E1D2A52BA00BB41C6 /* BDJLoginRegisterController.m */,
				0493B60F1D2A52BA00BB41C6 /* BDJLoginRegisterController.xib */,
				0493B6101D2A52BA00BB41C6 /* BDJVerticalButton.h */,
				0493B6111D2A52BA00BB41C6 /* BDJVerticalButton.m */,
				0493B6121D2A52BA00BB41C6 /* UIView+BDJExtension.h */,
				0493B6131D2A52BA00BB41C6 /* UIView+BDJExtension.m */,
				0493B6141D2A52BA00BB41C6 /* WTThirdPartyLoginManager.h */,
				0493B6151D2A52BA00BB41C6 /* WTThirdPartyLoginManager.m */,
				04B132191D27F849009C1685 /* Assets.xcassets */,
				04B1321B1D27F849009C1685 /* LaunchScreen.storyboard */,
				04B1321E1D27F849009C1685 /* Info.plist */,
				0493B6341D2A547D00BB41C6 /* LoginPrefixHeader.pch */,
				04B1320D1D27F848009C1685 /* Supporting Files */,
			);
			path = WTThird_Party_Login;
			sourceTree = "<group>";
		};
		04B1320D1D27F848009C1685 /* Supporting Files */ = {
			isa = PBXGroup;
			children = (
				04B1320E1D27F848009C1685 /* main.m */,
				0493B61B1D2A531300BB41C6 /* framework */,
				0493B5EF1D2A51A900BB41C6 /* Lib */,
			);
			name = "Supporting Files";
			sourceTree = "<group>";
		};
		04B132261D27F849009C1685 /* WTThird_Party_LoginTests */ = {
			isa = PBXGroup;
			children = (
				04B132271D27F849009C1685 /* WTThird_Party_LoginTests.m */,
				04B132291D27F849009C1685 /* Info.plist */,
			);
			path = WTThird_Party_LoginTests;
			sourceTree = "<group>";
		};
		04B132311D27F849009C1685 /* WTThird_Party_LoginUITests */ = {
			isa = PBXGroup;
			children = (
				04B132321D27F849009C1685 /* WTThird_Party_LoginUITests.m */,
				04B132341D27F849009C1685 /* Info.plist */,
			);
			path = WTThird_Party_LoginUITests;
			sourceTree = "<group>";
		};
/* End PBXGroup section */

/* Begin PBXNativeTarget section */
		04B132091D27F848009C1685 /* WTThird_Party_Login */ = {
			isa = PBXNativeTarget;
			buildConfigurationList = 04B132371D27F849009C1685 /* Build configuration list for PBXNativeTarget "WTThird_Party_Login" */;
			buildPhases = (
				04B132061D27F848009C1685 /* Sources */,
				04B132071D27F848009C1685 /* Frameworks */,
				04B132081D27F848009C1685 /* Resources */,
			);
			buildRules = (
			);
			dependencies = (
			);
			name = WTThird_Party_Login;
			productName = WTThird_Party_Login;
			productReference = 04B1320A1D27F848009C1685 /* WTThird_Party_Login.app */;
			productType = "com.apple.product-type.application";
		};
		04B132221D27F849009C1685 /* WTThird_Party_LoginTests */ = {
			isa = PBXNativeTarget;
			buildConfigurationList = 04B1323A1D27F849009C1685 /* Build configuration list for PBXNativeTarget "WTThird_Party_LoginTests" */;
			buildPhases = (
				04B1321F1D27F849009C1685 /* Sources */,
				04B132201D27F849009C1685 /* Frameworks */,
				04B132211D27F849009C1685 /* Resources */,
			);
			buildRules = (
			);
			dependencies = (
				04B132251D27F849009C1685 /* PBXTargetDependency */,
			);
			name = WTThird_Party_LoginTests;
			productName = WTThird_Party_LoginTests;
			productReference = 04B132231D27F849009C1685 /* WTThird_Party_LoginTests.xctest */;
			productType = "com.apple.product-type.bundle.unit-test";
		};
		04B1322D1D27F849009C1685 /* WTThird_Party_LoginUITests */ = {
			isa = PBXNativeTarget;
			buildConfigurationList = 04B1323D1D27F849009C1685 /* Build configuration list for PBXNativeTarget "WTThird_Party_LoginUITests" */;
			buildPhases = (
				04B1322A1D27F849009C1685 /* Sources */,
				04B1322B1D27F849009C1685 /* Frameworks */,
				04B1322C1D27F849009C1685 /* Resources */,
			);
			buildRules = (
			);
			dependencies = (
				04B132301D27F849009C1685 /* PBXTargetDependency */,
			);
			name = WTThird_Party_LoginUITests;
			productName = WTThird_Party_LoginUITests;
			productReference = 04B1322E1D27F849009C1685 /* WTThird_Party_LoginUITests.xctest */;
			productType = "com.apple.product-type.bundle.ui-testing";
		};
/* End PBXNativeTarget section */

/* Begin PBXProject section */
		04B132021D27F848009C1685 /* Project object */ = {
			isa = PBXProject;
			attributes = {
				LastUpgradeCheck = 0730;
				ORGANIZATIONNAME = wutong;
				TargetAttributes = {
					04B132091D27F848009C1685 = {
						CreatedOnToolsVersion = 7.3.1;
					};
					04B132221D27F849009C1685 = {
						CreatedOnToolsVersion = 7.3.1;
						TestTargetID = 04B132091D27F848009C1685;
					};
					04B1322D1D27F849009C1685 = {
						CreatedOnToolsVersion = 7.3.1;
						TestTargetID = 04B132091D27F848009C1685;
					};
				};
			};
			buildConfigurationList = 04B132051D27F848009C1685 /* Build configuration list for PBXProject "WTThird_Party_Login" */;
			compatibilityVersion = "Xcode 3.2";
			developmentRegion = English;
			hasScannedForEncodings = 0;
			knownRegions = (
				en,
				Base,
			);
			mainGroup = 04B132011D27F848009C1685;
			productRefGroup = 04B1320B1D27F848009C1685 /* Products */;
			projectDirPath = "";
			projectRoot = "";
			targets = (
				04B132091D27F848009C1685 /* WTThird_Party_Login */,
				04B132221D27F849009C1685 /* WTThird_Party_LoginTests */,
				04B1322D1D27F849009C1685 /* WTThird_Party_LoginUITests */,
			);
		};
/* End PBXProject section */

/* Begin PBXResourcesBuildPhase section */
		04B132081D27F848009C1685 /* Resources */ = {
			isa = PBXResourcesBuildPhase;
			buildActionMask = 2147483647;
			files = (
				04B1321D1D27F849009C1685 /* LaunchScreen.storyboard in Resources */,
				0493B6171D2A52BA00BB41C6 /* BDJLoginRegisterController.xib in Resources */,
				04B1321A1D27F849009C1685 /* Assets.xcassets in Resources */,
				04B132181D27F849009C1685 /* Main.storyboard in Resources */,
				0493B60A1D2A51A900BB41C6 /* TencentOpenApi_IOS_Bundle.bundle in Resources */,
				0493B60C1D2A51A900BB41C6 /* README.txt in Resources */,
				0493B6081D2A51A900BB41C6 /* WeiboSDK.bundle in Resources */,
			);
			runOnlyForDeploymentPostprocessing = 0;
		};
		04B132211D27F849009C1685 /* Resources */ = {
			isa = PBXResourcesBuildPhase;
			buildActionMask = 2147483647;
			files = (
			);
			runOnlyForDeploymentPostprocessing = 0;
		};
		04B1322C1D27F849009C1685 /* Resources */ = {
			isa = PBXResourcesBuildPhase;
			buildActionMask = 2147483647;
			files = (
			);
			runOnlyForDeploymentPostprocessing = 0;
		};
/* End PBXResourcesBuildPhase section */

/* Begin PBXSourcesBuildPhase section */
		04B132061D27F848009C1685 /* Sources */ = {
			isa = PBXSourcesBuildPhase;
			buildActionMask = 2147483647;
			files = (
				04B132151D27F848009C1685 /* ViewController.m in Sources */,
				0493B61A1D2A52BA00BB41C6 /* WTThirdPartyLoginManager.m in Sources */,
				0493B6161D2A52BA00BB41C6 /* BDJLoginRegisterController.m in Sources */,
				0493B6181D2A52BA00BB41C6 /* BDJVerticalButton.m in Sources */,
				04B132121D27F848009C1685 /* AppDelegate.m in Sources */,
				04B1320F1D27F848009C1685 /* main.m in Sources */,
				0493B6191D2A52BA00BB41C6 /* UIView+BDJExtension.m in Sources */,
			);
			runOnlyForDeploymentPostprocessing = 0;
		};
		04B1321F1D27F849009C1685 /* Sources */ = {
			isa = PBXSourcesBuildPhase;
			buildActionMask = 2147483647;
			files = (
				04B132281D27F849009C1685 /* WTThird_Party_LoginTests.m in Sources */,
			);
			runOnlyForDeploymentPostprocessing = 0;
		};
		04B1322A1D27F849009C1685 /* Sources */ = {
			isa = PBXSourcesBuildPhase;
			buildActionMask = 2147483647;
			files = (
				04B132331D27F849009C1685 /* WTThird_Party_LoginUITests.m in Sources */,
			);
			runOnlyForDeploymentPostprocessing = 0;
		};
/* End PBXSourcesBuildPhase section */

/* Begin PBXTargetDependency section */
		04B132251D27F849009C1685 /* PBXTargetDependency */ = {
			isa = PBXTargetDependency;
			target = 04B132091D27F848009C1685 /* WTThird_Party_Login */;
			targetProxy = 04B132241D27F849009C1685 /* PBXContainerItemProxy */;
		};
		04B132301D27F849009C1685 /* PBXTargetDependency */ = {
			isa = PBXTargetDependency;
			target = 04B132091D27F848009C1685 /* WTThird_Party_Login */;
			targetProxy = 04B1322F1D27F849009C1685 /* PBXContainerItemProxy */;
		};
/* End PBXTargetDependency section */

/* Begin PBXVariantGroup section */
		04B132161D27F849009C1685 /* Main.storyboard */ = {
			isa = PBXVariantGroup;
			children = (
				04B132171D27F849009C1685 /* Base */,
			);
			name = Main.storyboard;
			sourceTree = "<group>";
		};
		04B1321B1D27F849009C1685 /* LaunchScreen.storyboard */ = {
			isa = PBXVariantGroup;
			children = (
				04B1321C1D27F849009C1685 /* Base */,
			);
			name = LaunchScreen.storyboard;
			sourceTree = "<group>";
		};
/* End PBXVariantGroup section */

/* Begin XCBuildConfiguration section */
		04B132351D27F849009C1685 /* Debug */ = {
			isa = XCBuildConfiguration;
			buildSettings = {
				ALWAYS_SEARCH_USER_PATHS = NO;
				CLANG_ANALYZER_NONNULL = YES;
				CLANG_CXX_LANGUAGE_STANDARD = "gnu++0x";
				CLANG_CXX_LIBRARY = "libc++";
				CLANG_ENABLE_MODULES = YES;
				CLANG_ENABLE_OBJC_ARC = YES;
				CLANG_WARN_BOOL_CONVERSION = YES;
				CLANG_WARN_CONSTANT_CONVERSION = YES;
				CLANG_WARN_DIRECT_OBJC_ISA_USAGE = YES_ERROR;
				CLANG_WARN_EMPTY_BODY = YES;
				CLANG_WARN_ENUM_CONVERSION = YES;
				CLANG_WARN_INT_CONVERSION = YES;
				CLANG_WARN_OBJC_ROOT_CLASS = YES_ERROR;
				CLANG_WARN_UNREACHABLE_CODE = YES;
				CLANG_WARN__DUPLICATE_METHOD_MATCH = YES;
				"CODE_SIGN_IDENTITY[sdk=iphoneos*]" = "iPhone Developer";
				COPY_PHASE_STRIP = NO;
				DEBUG_INFORMATION_FORMAT = dwarf;
				ENABLE_STRICT_OBJC_MSGSEND = YES;
				ENABLE_TESTABILITY = YES;
				GCC_C_LANGUAGE_STANDARD = gnu99;
				GCC_DYNAMIC_NO_PIC = NO;
				GCC_NO_COMMON_BLOCKS = YES;
				GCC_OPTIMIZATION_LEVEL = 0;
				GCC_PREPROCESSOR_DEFINITIONS = (
					"DEBUG=1",
					"$(inherited)",
				);
				GCC_WARN_64_TO_32_BIT_CONVERSION = YES;
				GCC_WARN_ABOUT_RETURN_TYPE = YES_ERROR;
				GCC_WARN_UNDECLARED_SELECTOR = YES;
				GCC_WARN_UNINITIALIZED_AUTOS = YES_AGGRESSIVE;
				GCC_WARN_UNUSED_FUNCTION = YES;
				GCC_WARN_UNUSED_VARIABLE = YES;
				IPHONEOS_DEPLOYMENT_TARGET = 9.3;
				MTL_ENABLE_DEBUG_INFO = YES;
				ONLY_ACTIVE_ARCH = YES;
				SDKROOT = iphoneos;
			};
			name = Debug;
		};
		04B132361D27F849009C1685 /* Release */ = {
			isa = XCBuildConfiguration;
			buildSettings = {
				ALWAYS_SEARCH_USER_PATHS = NO;
				CLANG_ANALYZER_NONNULL = YES;
				CLANG_CXX_LANGUAGE_STANDARD = "gnu++0x";
				CLANG_CXX_LIBRARY = "libc++";
				CLANG_ENABLE_MODULES = YES;
				CLANG_ENABLE_OBJC_ARC = YES;
				CLANG_WARN_BOOL_CONVERSION = YES;
				CLANG_WARN_CONSTANT_CONVERSION = YES;
				CLANG_WARN_DIRECT_OBJC_ISA_USAGE = YES_ERROR;
				CLANG_WARN_EMPTY_BODY = YES;
				CLANG_WARN_ENUM_CONVERSION = YES;
				CLANG_WARN_INT_CONVERSION = YES;
				CLANG_WARN_OBJC_ROOT_CLASS = YES_ERROR;
				CLANG_WARN_UNREACHABLE_CODE = YES;
				CLANG_WARN__DUPLICATE_METHOD_MATCH = YES;
				"CODE_SIGN_IDENTITY[sdk=iphoneos*]" = "iPhone Developer";
				COPY_PHASE_STRIP = NO;
				DEBUG_INFORMATION_FORMAT = "dwarf-with-dsym";
				ENABLE_NS_ASSERTIONS = NO;
				ENABLE_STRICT_OBJC_MSGSEND = YES;
				GCC_C_LANGUAGE_STANDARD = gnu99;
				GCC_NO_COMMON_BLOCKS = YES;
				GCC_WARN_64_TO_32_BIT_CONVERSION = YES;
				GCC_WARN_ABOUT_RETURN_TYPE = YES_ERROR;
				GCC_WARN_UNDECLARED_SELECTOR = YES;
				GCC_WARN_UNINITIALIZED_AUTOS = YES_AGGRESSIVE;
				GCC_WARN_UNUSED_FUNCTION = YES;
				GCC_WARN_UNUSED_VARIABLE = YES;
				IPHONEOS_DEPLOYMENT_TARGET = 9.3;
				MTL_ENABLE_DEBUG_INFO = NO;
				SDKROOT = iphoneos;
				VALIDATE_PRODUCT = YES;
			};
			name = Release;
		};
		04B132381D27F849009C1685 /* Debug */ = {
			isa = XCBuildConfiguration;
			buildSettings = {
				ASSETCATALOG_COMPILER_APPICON_NAME = AppIcon;
				FRAMEWORK_SEARCH_PATHS = (
					"$(inherited)",
					"$(PROJECT_DIR)/WTThird_Party_Login/Lib/Tencent3.1.0",
				);
				GCC_PREFIX_HEADER = WTThird_Party_Login/LoginPrefixHeader.pch;
				INFOPLIST_FILE = WTThird_Party_Login/Info.plist;
				IPHONEOS_DEPLOYMENT_TARGET = 7.0;
				LD_RUNPATH_SEARCH_PATHS = "$(inherited) @executable_path/Frameworks";
				LIBRARY_SEARCH_PATHS = (
					"$(inherited)",
					"$(PROJECT_DIR)/WTThird_Party_Login/Lib/libWeiboSDK",
					"$(PROJECT_DIR)/WTThird_Party_Login/Lib/WeChatSDK_1.7.1",
				);
				OTHER_LDFLAGS = "-ObjC";
				PRODUCT_BUNDLE_IDENTIFIER = "cn.wutong.WTThird-Party-Login";
				PRODUCT_NAME = "$(TARGET_NAME)";
			};
			name = Debug;
		};
		04B132391D27F849009C1685 /* Release */ = {
			isa = XCBuildConfiguration;
			buildSettings = {
				ASSETCATALOG_COMPILER_APPICON_NAME = AppIcon;
				FRAMEWORK_SEARCH_PATHS = (
					"$(inherited)",
					"$(PROJECT_DIR)/WTThird_Party_Login/Lib/Tencent3.1.0",
				);
				GCC_PREFIX_HEADER = WTThird_Party_Login/LoginPrefixHeader.pch;
				INFOPLIST_FILE = WTThird_Party_Login/Info.plist;
				IPHONEOS_DEPLOYMENT_TARGET = 7.0;
				LD_RUNPATH_SEARCH_PATHS = "$(inherited) @executable_path/Frameworks";
				LIBRARY_SEARCH_PATHS = (
					"$(inherited)",
					"$(PROJECT_DIR)/WTThird_Party_Login/Lib/libWeiboSDK",
					"$(PROJECT_DIR)/WTThird_Party_Login/Lib/WeChatSDK_1.7.1",
				);
				OTHER_LDFLAGS = "-ObjC";
				PRODUCT_BUNDLE_IDENTIFIER = "cn.wutong.WTThird-Party-Login";
				PRODUCT_NAME = "$(TARGET_NAME)";
			};
			name = Release;
		};
		04B1323B1D27F849009C1685 /* Debug */ = {
			isa = XCBuildConfiguration;
			buildSettings = {
				BUNDLE_LOADER = "$(TEST_HOST)";
				INFOPLIST_FILE = WTThird_Party_LoginTests/Info.plist;
				LD_RUNPATH_SEARCH_PATHS = "$(inherited) @executable_path/Frameworks @loader_path/Frameworks";
				PRODUCT_BUNDLE_IDENTIFIER = "cn.wutong.WTThird-Party-LoginTests";
				PRODUCT_NAME = "$(TARGET_NAME)";
				TEST_HOST = "$(BUILT_PRODUCTS_DIR)/WTThird_Party_Login.app/WTThird_Party_Login";
			};
			name = Debug;
		};
		04B1323C1D27F849009C1685 /* Release */ = {
			isa = XCBuildConfiguration;
			buildSettings = {
				BUNDLE_LOADER = "$(TEST_HOST)";
				INFOPLIST_FILE = WTThird_Party_LoginTests/Info.plist;
				LD_RUNPATH_SEARCH_PATHS = "$(inherited) @executable_path/Frameworks @loader_path/Frameworks";
				PRODUCT_BUNDLE_IDENTIFIER = "cn.wutong.WTThird-Party-LoginTests";
				PRODUCT_NAME = "$(TARGET_NAME)";
				TEST_HOST = "$(BUILT_PRODUCTS_DIR)/WTThird_Party_Login.app/WTThird_Party_Login";
			};
			name = Release;
		};
		04B1323E1D27F849009C1685 /* Debug */ = {
			isa = XCBuildConfiguration;
			buildSettings = {
				INFOPLIST_FILE = WTThird_Party_LoginUITests/Info.plist;
				LD_RUNPATH_SEARCH_PATHS = "$(inherited) @executable_path/Frameworks @loader_path/Frameworks";
				PRODUCT_BUNDLE_IDENTIFIER = "cn.wutong.WTThird-Party-LoginUITests";
				PRODUCT_NAME = "$(TARGET_NAME)";
				TEST_TARGET_NAME = WTThird_Party_Login;
			};
			name = Debug;
		};
		04B1323F1D27F849009C1685 /* Release */ = {
			isa = XCBuildConfiguration;
			buildSettings = {
				INFOPLIST_FILE = WTThird_Party_LoginUITests/Info.plist;
				LD_RUNPATH_SEARCH_PATHS = "$(inherited) @executable_path/Frameworks @loader_path/Frameworks";
				PRODUCT_BUNDLE_IDENTIFIER = "cn.wutong.WTThird-Party-LoginUITests";
				PRODUCT_NAME = "$(TARGET_NAME)";
				TEST_TARGET_NAME = WTThird_Party_Login;
			};
			name = Release;
		};
/* End XCBuildConfiguration section */

/* Begin XCConfigurationList section */
		04B132051D27F848009C1685 /* Build configuration list for PBXProject "WTThird_Party_Login" */ = {
			isa = XCConfigurationList;
			buildConfigurations = (
				04B132351D27F849009C1685 /* Debug */,
				04B132361D27F849009C1685 /* Release */,
			);
			defaultConfigurationIsVisible = 0;
			defaultConfigurationName = Release;
		};
		04B132371D27F849009C1685 /* Build configuration list for PBXNativeTarget "WTThird_Party_Login" */ = {
			isa = XCConfigurationList;
			buildConfigurations = (
				04B132381D27F849009C1685 /* Debug */,
				04B132391D27F849009C1685 /* Release */,
			);
			defaultConfigurationIsVisible = 0;
			defaultConfigurationName = Release;
		};
		04B1323A1D27F849009C1685 /* Build configuration list for PBXNativeTarget "WTThird_Party_LoginTests" */ = {
			isa = XCConfigurationList;
			buildConfigurations = (
				04B1323B1D27F849009C1685 /* Debug */,
				04B1323C1D27F849009C1685 /* Release */,
			);
			defaultConfigurationIsVisible = 0;
			defaultConfigurationName = Release;
		};
		04B1323D1D27F849009C1685 /* Build configuration list for PBXNativeTarget "WTThird_Party_LoginUITests" */ = {
			isa = XCConfigurationList;
			buildConfigurations = (
				04B1323E1D27F849009C1685 /* Debug */,
				04B1323F1D27F849009C1685 /* Release */,
			);
			defaultConfigurationIsVisible = 0;
			defaultConfigurationName = Release;
		};
/* End XCConfigurationList section */
	};
	rootObject = 04B132021D27F848009C1685 /* Project object */;
}
